
Microsoft Visual Studio Solution File, Format Version 12.00
# Visual Studio Version 16
VisualStudioVersion = 16.0.28714.193
MinimumVisualStudioVersion = 10.0.40219.1
Project("{FAE04EC0-301F-11D3-BF4B-00C04F79EFBC}") = "VisualStudio.Extension", "VisualStudio.Extension-2022\VisualStudio.Extension.csproj", "{F217D29D-F8B0-4F43-A3AC-8445F20BF880}"
EndProject
Project("{2150E333-8FDC-42A3-9474-1A3956D46DE8}") = "debugger-library", "debugger-library", "{48202BAA-0886-440F-9C64-4EB81DE52C26}"
EndProject
Project("{2150E333-8FDC-42A3-9474-1A3956D46DE8}") = "MSBuildSystem", "MSBuildSystem", "{BA15D640-224B-4CE0-B143-CFC4D80AAED9}"
EndProject
Project("{2150E333-8FDC-42A3-9474-1A3956D46DE8}") = "Templates", "Templates", "{50823B49-643D-4FDA-9063-F136E5F345D2}"
EndProject
Project("{FAE04EC0-301F-11D3-BF4B-00C04F79EFBC}") = "CSharp.AssemblyInfoTemplate", "CSharp.AssemblyInfoTemplate\CSharp.AssemblyInfoTemplate.csproj", "{EF2FEEDF-2D22-49F7-A51C-F6D4155A7932}"
EndProject
Project("{FAE04EC0-301F-11D3-BF4B-00C04F79EFBC}") = "CSharp.BlankApplication", "CSharp.BlankApplication\CSharp.BlankApplication.csproj", "{572121BD-E972-4BF7-ABF1-78251DDE1181}"
EndProject
Project("{FAE04EC0-301F-11D3-BF4B-00C04F79EFBC}") = "CSharp.ClassLibrary", "CSharp.ClassLibrary\CSharp.ClassLibrary.csproj", "{4AA9A693-FF7C-4F84-B0CE-28A7EE009471}"
EndProject
Project("{FAE04EC0-301F-11D3-BF4B-00C04F79EFBC}") = "CSharp.ClassTemplate", "CSharp.ClassTemplate\CSharp.ClassTemplate.csproj", "{C2DDF1E4-53A3-4E74-99D4-8A68349B9AEF}"
EndProject
Project("{FAE04EC0-301F-11D3-BF4B-00C04F79EFBC}") = "CSharp.ResourceTemplate", "CSharp.ResourceTemplate\CSharp.ResourceTemplate.csproj", "{8252022E-62FD-4A59-BE1E-90FD52DBA0FE}"
EndProject
Project("{2150E333-8FDC-42A3-9474-1A3956D46DE8}") = "Solution Items", "Solution Items", "{60B109AE-E582-4ECB-ABB4-B24E07DB87E1}"
	ProjectSection(SolutionItems) = preProject
		NuGet.Config = NuGet.Config
		readme.txt = readme.txt
		VisualStudio.Extension-2022\version.json = VisualStudio.Extension-2022\version.json
		VisualStudio.Extension-2022\vs2022-marketplace-overview.md = VisualStudio.Extension-2022\vs2022-marketplace-overview.md
	EndProjectSection
EndProject
Project("{2150E333-8FDC-42A3-9474-1A3956D46DE8}") = "metadata-processor", "metadata-processor", "{BF7184F8-4E9A-4264-8C30-294798B36F0D}"
EndProject
Project("{FAE04EC0-301F-11D3-BF4B-00C04F79EFBC}") = "MetadataProcessor.Core", "metadata-processor\MetadataProcessor.Core\MetadataProcessor.Core.csproj", "{E32F7D15-2499-440C-8026-4D5EE1C5EC3A}"
EndProject
Project("{FAE04EC0-301F-11D3-BF4B-00C04F79EFBC}") = "Tools.BuildTasks", "Tools.BuildTasks\Tools.BuildTasks.csproj", "{552C2500-2C53-4148-A422-0ED983EF135D}"
EndProject
Project("{D954291E-2A0B-460D-934E-DC6B0785DB48}") = "nanoFramework.Tools.DebugLibrary.Shared", "nf-debugger\nanoFramework.Tools.DebugLibrary.Shared\nanoFramework.Tools.DebugLibrary.Shared.shproj", "{31472CAE-4B1A-4AB9-9B2A-8F28DBE01BCF}"
EndProject
Project("{FAE04EC0-301F-11D3-BF4B-00C04F79EFBC}") = "nanoFramework.Tools.DebugLibrary.Net", "nf-debugger\nanoFramework.Tools.DebugLibrary.Net\nanoFramework.Tools.DebugLibrary.Net.csproj", "{101D57AD-D22F-4905-A992-DE15E723F164}"
EndProject
Project("{FAE04EC0-301F-11D3-BF4B-00C04F79EFBC}") = "CSharp.TestApplication", "CSharp.TestApplication\CSharp.TestApplication.csproj", "{3040BA82-56CC-4189-A26C-CABB4B6B7B87}"
EndProject
Project("{D954291E-2A0B-460D-934E-DC6B0785DB48}") = "vs-extension.shared", "vs-extension.shared\vs-extension.shared.shproj", "{B16737E2-4B5D-4048-A740-2BB1DF462637}"
EndProject
Global
	GlobalSection(SharedMSBuildProjectFiles) = preSolution
		nf-debugger\nanoFramework.Tools.DebugLibrary.Shared\nanoFramework.Tools.DebugLibrary.Net.projitems*{101d57ad-d22f-4905-a992-de15e723f164}*SharedItemsImports = 4
		nf-debugger\nanoFramework.Tools.DebugLibrary.Shared\nanoFramework.Tools.DebugLibrary.Net.projitems*{31472cae-4b1a-4ab9-9b2a-8f28dbe01bcf}*SharedItemsImports = 13
		vs-extension.shared\vs-extension.shared.projitems*{b16737e2-4b5d-4048-a740-2bb1df462637}*SharedItemsImports = 13
		vs-extension.shared\vs-extension.shared.projitems*{f217d29d-f8b0-4f43-a3ac-8445f20bf880}*SharedItemsImports = 4
	EndGlobalSection
	GlobalSection(SolutionConfigurationPlatforms) = preSolution
		Debug|Any CPU = Debug|Any CPU
		Debug|x64 = Debug|x64
		Debug|x86 = Debug|x86
		Release|Any CPU = Release|Any CPU
		Release|x64 = Release|x64
		Release|x86 = Release|x86
	EndGlobalSection
	GlobalSection(ProjectConfigurationPlatforms) = postSolution
		{F217D29D-F8B0-4F43-A3AC-8445F20BF880}.Debug|Any CPU.ActiveCfg = Debug|Any CPU
		{F217D29D-F8B0-4F43-A3AC-8445F20BF880}.Debug|Any CPU.Build.0 = Debug|Any CPU
		{F217D29D-F8B0-4F43-A3AC-8445F20BF880}.Debug|x64.ActiveCfg = Debug|Any CPU
		{F217D29D-F8B0-4F43-A3AC-8445F20BF880}.Debug|x64.Build.0 = Debug|Any CPU
		{F217D29D-F8B0-4F43-A3AC-8445F20BF880}.Debug|x86.ActiveCfg = Debug|Any CPU
		{F217D29D-F8B0-4F43-A3AC-8445F20BF880}.Debug|x86.Build.0 = Debug|Any CPU
		{F217D29D-F8B0-4F43-A3AC-8445F20BF880}.Release|Any CPU.ActiveCfg = Release|Any CPU
		{F217D29D-F8B0-4F43-A3AC-8445F20BF880}.Release|Any CPU.Build.0 = Release|Any CPU
		{F217D29D-F8B0-4F43-A3AC-8445F20BF880}.Release|x64.ActiveCfg = Release|Any CPU
		{F217D29D-F8B0-4F43-A3AC-8445F20BF880}.Release|x64.Build.0 = Release|Any CPU
		{F217D29D-F8B0-4F43-A3AC-8445F20BF880}.Release|x86.ActiveCfg = Release|Any CPU
		{F217D29D-F8B0-4F43-A3AC-8445F20BF880}.Release|x86.Build.0 = Release|Any CPU
		{EF2FEEDF-2D22-49F7-A51C-F6D4155A7932}.Debug|Any CPU.ActiveCfg = Debug|Any CPU
		{EF2FEEDF-2D22-49F7-A51C-F6D4155A7932}.Debug|Any CPU.Build.0 = Debug|Any CPU
		{EF2FEEDF-2D22-49F7-A51C-F6D4155A7932}.Debug|x64.ActiveCfg = Debug|Any CPU
		{EF2FEEDF-2D22-49F7-A51C-F6D4155A7932}.Debug|x64.Build.0 = Debug|Any CPU
		{EF2FEEDF-2D22-49F7-A51C-F6D4155A7932}.Debug|x86.ActiveCfg = Debug|Any CPU
		{EF2FEEDF-2D22-49F7-A51C-F6D4155A7932}.Debug|x86.Build.0 = Debug|Any CPU
		{EF2FEEDF-2D22-49F7-A51C-F6D4155A7932}.Release|Any CPU.ActiveCfg = Release|Any CPU
		{EF2FEEDF-2D22-49F7-A51C-F6D4155A7932}.Release|Any CPU.Build.0 = Release|Any CPU
		{EF2FEEDF-2D22-49F7-A51C-F6D4155A7932}.Release|x64.ActiveCfg = Release|Any CPU
		{EF2FEEDF-2D22-49F7-A51C-F6D4155A7932}.Release|x64.Build.0 = Release|Any CPU
		{EF2FEEDF-2D22-49F7-A51C-F6D4155A7932}.Release|x86.ActiveCfg = Release|Any CPU
		{EF2FEEDF-2D22-49F7-A51C-F6D4155A7932}.Release|x86.Build.0 = Release|Any CPU
		{572121BD-E972-4BF7-ABF1-78251DDE1181}.Debug|Any CPU.ActiveCfg = Debug|Any CPU
		{572121BD-E972-4BF7-ABF1-78251DDE1181}.Debug|Any CPU.Build.0 = Debug|Any CPU
		{572121BD-E972-4BF7-ABF1-78251DDE1181}.Debug|x64.ActiveCfg = Debug|Any CPU
		{572121BD-E972-4BF7-ABF1-78251DDE1181}.Debug|x64.Build.0 = Debug|Any CPU
		{572121BD-E972-4BF7-ABF1-78251DDE1181}.Debug|x86.ActiveCfg = Debug|Any CPU
		{572121BD-E972-4BF7-ABF1-78251DDE1181}.Debug|x86.Build.0 = Debug|Any CPU
		{572121BD-E972-4BF7-ABF1-78251DDE1181}.Release|Any CPU.ActiveCfg = Release|Any CPU
		{572121BD-E972-4BF7-ABF1-78251DDE1181}.Release|Any CPU.Build.0 = Release|Any CPU
		{572121BD-E972-4BF7-ABF1-78251DDE1181}.Release|x64.ActiveCfg = Release|Any CPU
		{572121BD-E972-4BF7-ABF1-78251DDE1181}.Release|x64.Build.0 = Release|Any CPU
		{572121BD-E972-4BF7-ABF1-78251DDE1181}.Release|x86.ActiveCfg = Release|Any CPU
		{572121BD-E972-4BF7-ABF1-78251DDE1181}.Release|x86.Build.0 = Release|Any CPU
		{4AA9A693-FF7C-4F84-B0CE-28A7EE009471}.Debug|Any CPU.ActiveCfg = Debug|Any CPU
		{4AA9A693-FF7C-4F84-B0CE-28A7EE009471}.Debug|Any CPU.Build.0 = Debug|Any CPU
		{4AA9A693-FF7C-4F84-B0CE-28A7EE009471}.Debug|x64.ActiveCfg = Debug|Any CPU
		{4AA9A693-FF7C-4F84-B0CE-28A7EE009471}.Debug|x64.Build.0 = Debug|Any CPU
		{4AA9A693-FF7C-4F84-B0CE-28A7EE009471}.Debug|x86.ActiveCfg = Debug|Any CPU
		{4AA9A693-FF7C-4F84-B0CE-28A7EE009471}.Debug|x86.Build.0 = Debug|Any CPU
		{4AA9A693-FF7C-4F84-B0CE-28A7EE009471}.Release|Any CPU.ActiveCfg = Release|Any CPU
		{4AA9A693-FF7C-4F84-B0CE-28A7EE009471}.Release|Any CPU.Build.0 = Release|Any CPU
		{4AA9A693-FF7C-4F84-B0CE-28A7EE009471}.Release|x64.ActiveCfg = Release|Any CPU
		{4AA9A693-FF7C-4F84-B0CE-28A7EE009471}.Release|x64.Build.0 = Release|Any CPU
		{4AA9A693-FF7C-4F84-B0CE-28A7EE009471}.Release|x86.ActiveCfg = Release|Any CPU
		{4AA9A693-FF7C-4F84-B0CE-28A7EE009471}.Release|x86.Build.0 = Release|Any CPU
		{C2DDF1E4-53A3-4E74-99D4-8A68349B9AEF}.Debug|Any CPU.ActiveCfg = Debug|Any CPU
		{C2DDF1E4-53A3-4E74-99D4-8A68349B9AEF}.Debug|Any CPU.Build.0 = Debug|Any CPU
		{C2DDF1E4-53A3-4E74-99D4-8A68349B9AEF}.Debug|x64.ActiveCfg = Debug|Any CPU
		{C2DDF1E4-53A3-4E74-99D4-8A68349B9AEF}.Debug|x64.Build.0 = Debug|Any CPU
		{C2DDF1E4-53A3-4E74-99D4-8A68349B9AEF}.Debug|x86.ActiveCfg = Debug|Any CPU
		{C2DDF1E4-53A3-4E74-99D4-8A68349B9AEF}.Debug|x86.Build.0 = Debug|Any CPU
		{C2DDF1E4-53A3-4E74-99D4-8A68349B9AEF}.Release|Any CPU.ActiveCfg = Release|Any CPU
		{C2DDF1E4-53A3-4E74-99D4-8A68349B9AEF}.Release|Any CPU.Build.0 = Release|Any CPU
		{C2DDF1E4-53A3-4E74-99D4-8A68349B9AEF}.Release|x64.ActiveCfg = Release|Any CPU
		{C2DDF1E4-53A3-4E74-99D4-8A68349B9AEF}.Release|x64.Build.0 = Release|Any CPU
		{C2DDF1E4-53A3-4E74-99D4-8A68349B9AEF}.Release|x86.ActiveCfg = Release|Any CPU
		{C2DDF1E4-53A3-4E74-99D4-8A68349B9AEF}.Release|x86.Build.0 = Release|Any CPU
		{8252022E-62FD-4A59-BE1E-90FD52DBA0FE}.Debug|Any CPU.ActiveCfg = Debug|Any CPU
		{8252022E-62FD-4A59-BE1E-90FD52DBA0FE}.Debug|Any CPU.Build.0 = Debug|Any CPU
		{8252022E-62FD-4A59-BE1E-90FD52DBA0FE}.Debug|x64.ActiveCfg = Debug|Any CPU
		{8252022E-62FD-4A59-BE1E-90FD52DBA0FE}.Debug|x64.Build.0 = Debug|Any CPU
		{8252022E-62FD-4A59-BE1E-90FD52DBA0FE}.Debug|x86.ActiveCfg = Debug|Any CPU
		{8252022E-62FD-4A59-BE1E-90FD52DBA0FE}.Debug|x86.Build.0 = Debug|Any CPU
		{8252022E-62FD-4A59-BE1E-90FD52DBA0FE}.Release|Any CPU.ActiveCfg = Release|Any CPU
		{8252022E-62FD-4A59-BE1E-90FD52DBA0FE}.Release|Any CPU.Build.0 = Release|Any CPU
		{8252022E-62FD-4A59-BE1E-90FD52DBA0FE}.Release|x64.ActiveCfg = Release|Any CPU
		{8252022E-62FD-4A59-BE1E-90FD52DBA0FE}.Release|x64.Build.0 = Release|Any CPU
		{8252022E-62FD-4A59-BE1E-90FD52DBA0FE}.Release|x86.ActiveCfg = Release|Any CPU
		{8252022E-62FD-4A59-BE1E-90FD52DBA0FE}.Release|x86.Build.0 = Release|Any CPU
		{E32F7D15-2499-440C-8026-4D5EE1C5EC3A}.Debug|Any CPU.ActiveCfg = Debug|Any CPU
		{E32F7D15-2499-440C-8026-4D5EE1C5EC3A}.Debug|x64.ActiveCfg = Debug|Any CPU
		{E32F7D15-2499-440C-8026-4D5EE1C5EC3A}.Debug|x64.Build.0 = Debug|Any CPU
		{E32F7D15-2499-440C-8026-4D5EE1C5EC3A}.Debug|x86.ActiveCfg = Debug|Any CPU
		{E32F7D15-2499-440C-8026-4D5EE1C5EC3A}.Debug|x86.Build.0 = Debug|Any CPU
		{E32F7D15-2499-440C-8026-4D5EE1C5EC3A}.Release|Any CPU.ActiveCfg = Release|Any CPU
		{E32F7D15-2499-440C-8026-4D5EE1C5EC3A}.Release|x64.ActiveCfg = Release|Any CPU
		{E32F7D15-2499-440C-8026-4D5EE1C5EC3A}.Release|x64.Build.0 = Release|Any CPU
		{E32F7D15-2499-440C-8026-4D5EE1C5EC3A}.Release|x86.ActiveCfg = Release|Any CPU
		{E32F7D15-2499-440C-8026-4D5EE1C5EC3A}.Release|x86.Build.0 = Release|Any CPU
		{552C2500-2C53-4148-A422-0ED983EF135D}.Debug|Any CPU.ActiveCfg = Debug|Any CPU
		{552C2500-2C53-4148-A422-0ED983EF135D}.Debug|Any CPU.Build.0 = Debug|Any CPU
		{552C2500-2C53-4148-A422-0ED983EF135D}.Debug|x64.ActiveCfg = Debug|Any CPU
		{552C2500-2C53-4148-A422-0ED983EF135D}.Debug|x64.Build.0 = Debug|Any CPU
		{552C2500-2C53-4148-A422-0ED983EF135D}.Debug|x86.ActiveCfg = Debug|Any CPU
		{552C2500-2C53-4148-A422-0ED983EF135D}.Debug|x86.Build.0 = Debug|Any CPU
		{552C2500-2C53-4148-A422-0ED983EF135D}.Release|Any CPU.ActiveCfg = Release|Any CPU
		{552C2500-2C53-4148-A422-0ED983EF135D}.Release|Any CPU.Build.0 = Release|Any CPU
		{552C2500-2C53-4148-A422-0ED983EF135D}.Release|x64.ActiveCfg = Release|Any CPU
		{552C2500-2C53-4148-A422-0ED983EF135D}.Release|x64.Build.0 = Release|Any CPU
		{552C2500-2C53-4148-A422-0ED983EF135D}.Release|x86.ActiveCfg = Release|Any CPU
		{552C2500-2C53-4148-A422-0ED983EF135D}.Release|x86.Build.0 = Release|Any CPU
		{101D57AD-D22F-4905-A992-DE15E723F164}.Debug|Any CPU.ActiveCfg = Debug|Any CPU
		{101D57AD-D22F-4905-A992-DE15E723F164}.Debug|Any CPU.Build.0 = Debug|Any CPU
		{101D57AD-D22F-4905-A992-DE15E723F164}.Debug|x64.ActiveCfg = Debug|Any CPU
		{101D57AD-D22F-4905-A992-DE15E723F164}.Debug|x64.Build.0 = Debug|Any CPU
		{101D57AD-D22F-4905-A992-DE15E723F164}.Debug|x86.ActiveCfg = Debug|Any CPU
		{101D57AD-D22F-4905-A992-DE15E723F164}.Debug|x86.Build.0 = Debug|Any CPU
		{101D57AD-D22F-4905-A992-DE15E723F164}.Release|Any CPU.ActiveCfg = Release|Any CPU
		{101D57AD-D22F-4905-A992-DE15E723F164}.Release|x64.ActiveCfg = Release|Any CPU
		{101D57AD-D22F-4905-A992-DE15E723F164}.Release|x64.Build.0 = Release|Any CPU
		{101D57AD-D22F-4905-A992-DE15E723F164}.Release|x86.ActiveCfg = Release|Any CPU
		{101D57AD-D22F-4905-A992-DE15E723F164}.Release|x86.Build.0 = Release|Any CPU
		{3040BA82-56CC-4189-A26C-CABB4B6B7B87}.Debug|Any CPU.ActiveCfg = Debug|Any CPU
		{3040BA82-56CC-4189-A26C-CABB4B6B7B87}.Debug|Any CPU.Build.0 = Debug|Any CPU
		{3040BA82-56CC-4189-A26C-CABB4B6B7B87}.Debug|x64.ActiveCfg = Debug|Any CPU
		{3040BA82-56CC-4189-A26C-CABB4B6B7B87}.Debug|x64.Build.0 = Debug|Any CPU
		{3040BA82-56CC-4189-A26C-CABB4B6B7B87}.Debug|x86.ActiveCfg = Debug|Any CPU
		{3040BA82-56CC-4189-A26C-CABB4B6B7B87}.Debug|x86.Build.0 = Debug|Any CPU
		{3040BA82-56CC-4189-A26C-CABB4B6B7B87}.Release|Any CPU.ActiveCfg = Release|Any CPU
		{3040BA82-56CC-4189-A26C-CABB4B6B7B87}.Release|Any CPU.Build.0 = Release|Any CPU
		{3040BA82-56CC-4189-A26C-CABB4B6B7B87}.Release|x64.ActiveCfg = Release|Any CPU
		{3040BA82-56CC-4189-A26C-CABB4B6B7B87}.Release|x64.Build.0 = Release|Any CPU
		{3040BA82-56CC-4189-A26C-CABB4B6B7B87}.Release|x86.ActiveCfg = Release|Any CPU
		{3040BA82-56CC-4189-A26C-CABB4B6B7B87}.Release|x86.Build.0 = Release|Any CPU
	EndGlobalSection
	GlobalSection(SolutionProperties) = preSolution
		HideSolutionNode = FALSE
	EndGlobalSection
	GlobalSection(NestedProjects) = preSolution
		{EF2FEEDF-2D22-49F7-A51C-F6D4155A7932} = {50823B49-643D-4FDA-9063-F136E5F345D2}
		{572121BD-E972-4BF7-ABF1-78251DDE1181} = {50823B49-643D-4FDA-9063-F136E5F345D2}
		{4AA9A693-FF7C-4F84-B0CE-28A7EE009471} = {50823B49-643D-4FDA-9063-F136E5F345D2}
		{C2DDF1E4-53A3-4E74-99D4-8A68349B9AEF} = {50823B49-643D-4FDA-9063-F136E5F345D2}
		{8252022E-62FD-4A59-BE1E-90FD52DBA0FE} = {50823B49-643D-4FDA-9063-F136E5F345D2}
		{E32F7D15-2499-440C-8026-4D5EE1C5EC3A} = {BF7184F8-4E9A-4264-8C30-294798B36F0D}
		{552C2500-2C53-4148-A422-0ED983EF135D} = {BA15D640-224B-4CE0-B143-CFC4D80AAED9}
		{31472CAE-4B1A-4AB9-9B2A-8F28DBE01BCF} = {48202BAA-0886-440F-9C64-4EB81DE52C26}
		{101D57AD-D22F-4905-A992-DE15E723F164} = {48202BAA-0886-440F-9C64-4EB81DE52C26}
		{3040BA82-56CC-4189-A26C-CABB4B6B7B87} = {50823B49-643D-4FDA-9063-F136E5F345D2}
	EndGlobalSection
	GlobalSection(ExtensibilityGlobals) = postSolution
		SolutionGuid = {82FA89F8-D9B1-4038-94B1-D91265C0B0AC}
	EndGlobalSection
EndGlobal
