{
  "version": 1,
  "dependencies": {
    ".NETFramework,Version=v4.7.2": {
      "Microsoft.Build.Framework": {
        "type": "Direct",
        "requested": "[17.10.4, )",
        "resolved": "17.10.4",
        "contentHash": "4qXCwNOXBR1dyCzuks9SwTwFJQO/xmf2wcMislotDWJu7MN/r3xDNoU8Ae5QmKIHPaLG1xmfDkYS7qBVzxmeKw==",
        "dependencies": {
          "System.Runtime.CompilerServices.Unsafe": "6.0.0"
        }
      },
      "Microsoft.Build.Utilities.Core": {
        "type": "Direct",
        "requested": "[17.10.4, )",
        "resolved": "17.10.4",
        "contentHash": "eEB/tcXkSV+nQgvoa/l53UPtn+KVtKZ8zBceDZsXVTrfE4fA+4+/olrx9W8n2tq4XiESsL9UuGJgCKzqBwQCoQ==",
        "dependencies": {
          "Microsoft.Build.Framework": "17.10.4",
          "Microsoft.IO.Redist": "6.0.0",
          "Microsoft.NET.StringTools": "17.10.4",
          "System.Collections.Immutable": "8.0.0",
          "System.Configuration.ConfigurationManager": "8.0.0",
          "System.Memory": "4.5.5",
          "System.Runtime.CompilerServices.Unsafe": "6.0.0"
        }
      },
      "Microsoft.IO.Redist": {
        "type": "Direct",
        "requested": "[6.0.1, )",
        "resolved": "6.0.1",
        "contentHash": "bSapbVhuyHtTHXRJwLwhzkOIUPXXMxxJ9a1/gjXb7gtk9949aggm17v+Hb1biv6CTl1DWoZ6YcxVFrGQRGeETQ==",
        "dependencies": {
          "System.Buffers": "4.5.1",
          "System.Memory": "4.5.4"
        }
      },
      "Nerdbank.GitVersioning": {
        "type": "Direct",
        "requested": "[3.6.139, )",
        "resolved": "3.6.139",
        "contentHash": "rq0Ub/Jik7PtMtZtLn0tHuJ01Yt36RQ+eeBe+S7qnJ/EFOX6D4T9zuYD3vQPYKGI6Ro4t2iWgFm3fGDgjBrMfg=="
      },
      "Microsoft.NET.StringTools": {
        "type": "Transitive",
        "resolved": "17.10.4",
        "contentHash": "wyABaqY+IHCMMSTQmcc3Ca6vbmg5BaEPgicnEgpll+4xyWZWlkQqUwafweUd9VAhBb4jqplMl6voUHQ6yfdUcg==",
        "dependencies": {
          "System.Memory": "4.5.5",
          "System.Runtime.CompilerServices.Unsafe": "6.0.0"
        }
      },
      "System.Buffers": {
        "type": "Transitive",
        "resolved": "4.5.1",
        "contentHash": "Rw7ijyl1qqRS0YQD/WycNst8hUUMgrMH4FCn1nNm27M4VxchZ1js3fVjQaANHO5f3sN4isvP4a+Met9Y4YomAg=="
      },
      "System.Collections.Immutable": {
        "type": "Transitive",
        "resolved": "8.0.0",
        "contentHash": "AurL6Y5BA1WotzlEvVaIDpqzpIPvYnnldxru8oXJU2yFxFUy3+pNXjXd1ymO+RA0rq0+590Q8gaz2l3Sr7fmqg==",
        "dependencies": {
          "System.Memory": "4.5.5",
          "System.Runtime.CompilerServices.Unsafe": "6.0.0"
        }
      },
      "System.Configuration.ConfigurationManager": {
        "type": "Transitive",
        "resolved": "8.0.0",
        "contentHash": "JlYi9XVvIREURRUlGMr1F6vOFLk7YSY4p1vHo4kX3tQ0AGrjqlRWHDi66ImHhy6qwXBG3BJ6Y1QlYQ+Qz6Xgww=="
      },
      "System.Memory": {
        "type": "Transitive",
        "resolved": "4.5.5",
        "contentHash": "XIWiDvKPXaTveaB7HVganDlOCRoj03l+jrwNvcge/t8vhGYKvqV+dMv6G4SAX2NoNmN0wZfVPTAlFwZcZvVOUw==",
        "dependencies": {
          "System.Buffers": "4.5.1",
          "System.Numerics.Vectors": "4.5.0",
          "System.Runtime.CompilerServices.Unsafe": "4.5.3"
        }
      },
      "System.Numerics.Vectors": {
        "type": "Transitive",
        "resolved": "4.5.0",
        "contentHash": "QQTlPTl06J/iiDbJCiepZ4H//BVraReU4O4EoRw1U02H5TLUIT7xn3GnDp9AXPSlJUDyFs4uWjWafNX6WrAojQ=="
      },
      "System.Runtime.CompilerServices.Unsafe": {
        "type": "Transitive",
        "resolved": "6.0.0",
        "contentHash": "/iUeP3tq1S0XdNNoMz5C9twLSrM/TH+qElHkXWaPvuNOt+99G75NrV0OS2EqHx5wMN7popYjpc8oTjC1y16DLg=="
      }
    },
    ".NETFramework,Version=v4.7.2/win": {},
    ".NETFramework,Version=v4.7.2/win-arm64": {},
    ".NETFramework,Version=v4.7.2/win-x64": {},
    ".NETFramework,Version=v4.7.2/win-x86": {}
  }
}