
Microsoft Visual Studio Solution File, Format Version 12.00
# Visual Studio 15
VisualStudioVersion = 15.0.26430.14
MinimumVisualStudioVersion = 10.0.40219.1
Project("{FAE04EC0-301F-11D3-BF4B-00C04F79EFBC}") = "Tools.BuildTasks", "Tools.BuildTasks.csproj", "{CE0631F2-731D-4A48-B927-F13F6B2FB055}"
EndProject
Project("{2150E333-8FDC-42A3-9474-1A3956D46DE8}") = ".nuget", ".nuget", "{EC5CBB2D-14E7-451E-BF30-9D968CEB6190}"
	ProjectSection(SolutionItems) = preProject
		packages.config = packages.config
	EndProjectSection
EndProject
Global
	GlobalSection(SolutionConfigurationPlatforms) = preSolution
		Debug|Any CPU = Debug|Any CPU
		Release|Any CPU = Release|Any CPU
	EndGlobalSection
	GlobalSection(ProjectConfigurationPlatforms) = postSolution
		{CE0631F2-731D-4A48-B927-F13F6B2FB055}.Debug|Any CPU.ActiveCfg = Debug|Any CPU
		{CE0631F2-731D-4A48-B927-F13F6B2FB055}.Debug|Any CPU.Build.0 = Debug|Any CPU
		{CE0631F2-731D-4A48-B927-F13F6B2FB055}.Release|Any CPU.ActiveCfg = Release|Any CPU
		{CE0631F2-731D-4A48-B927-F13F6B2FB055}.Release|Any CPU.Build.0 = Release|Any CPU
	EndGlobalSection
	GlobalSection(SolutionProperties) = preSolution
		HideSolutionNode = FALSE
	EndGlobalSection
EndGlobal
