<?xml version="1.0" encoding="utf-8"?>
<Project ToolsVersion="4.0" xmlns="http://schemas.microsoft.com/developer/msbuild/2003">
  <ItemGroup>
    <Filter Include="Source Files">
      <UniqueIdentifier>{4FC737F1-C7A5-4376-A066-2A32D752A2FF}</UniqueIdentifier>
      <Extensions>cpp;c;cc;cxx;def;odl;idl;hpj;bat;asm;asmx</Extensions>
    </Filter>
    <Filter Include="Header Files">
      <UniqueIdentifier>{93995380-89BD-4b04-88EB-625FBE52EBFB}</UniqueIdentifier>
      <Extensions>h;hh;hpp;hxx;hm;inl;inc;xsd</Extensions>
    </Filter>
    <Filter Include="Resource Files">
      <UniqueIdentifier>{67DA6AB6-F800-4c08-8B7A-83BB121AAD01}</UniqueIdentifier>
      <Extensions>rc;ico;cur;bmp;dlg;rc2;rct;bin;rgs;gif;jpg;jpeg;jpe;resx;tiff;tif;png;wav;mfcribbon-ms</Extensions>
    </Filter>
  </ItemGroup>
  <ItemGroup>
    <ClInclude Include="stdafx.h">
      <Filter>Header Files</Filter>
    </ClInclude>
    <ClInclude Include="cor.h">
      <Filter>Header Files</Filter>
    </ClInclude>
    <ClInclude Include="corhdr.h">
      <Filter>Header Files</Filter>
    </ClInclude>
    <ClInclude Include="corhlpr.h">
      <Filter>Header Files</Filter>
    </ClInclude>
    <ClInclude Include="corerror.h">
      <Filter>Header Files</Filter>
    </ClInclude>
    <ClInclude Include="AssemblyParser.h">
      <Filter>Header Files</Filter>
    </ClInclude>
    <ClInclude Include="AssemblyReparser.h">
      <Filter>Header Files</Filter>
    </ClInclude>
    <ClInclude Include="corsym.h">
      <Filter>Header Files</Filter>
    </ClInclude>
    <ClInclude Include="WatchAssemblyBuilder.h">
      <Filter>Header Files</Filter>
    </ClInclude>
    <ClInclude Include="ManagedElementTypes_Win32.h">
      <Filter>Header Files</Filter>
    </ClInclude>
    <ClInclude Include="HAL_Windows.h">
      <Filter>Header Files</Filter>
    </ClInclude>
  </ItemGroup>
  <ItemGroup>
    <ClCompile Include="stdafx.cpp">
      <Filter>Source Files</Filter>
    </ClCompile>
    <ClCompile Include="MetaDataProcessor.cpp">
      <Filter>Source Files</Filter>
    </ClCompile>
    <ClCompile Include="..\..\nf-interpreter\targets\os\win32\nanoCLR\PAL\time_stubs.cpp">
      <Filter>Source Files</Filter>
    </ClCompile>
    <ClCompile Include="Info_Win32.cpp">
      <Filter>Source Files</Filter>
    </ClCompile>
    <ClCompile Include="ManagedElementTypes_Win32.cpp">
      <Filter>Source Files</Filter>
    </ClCompile>
    <ClCompile Include="..\..\nf-interpreter\targets\os\win32\nanoCLR\nanoHAL_Time.cpp">
      <Filter>Source Files</Filter>
    </ClCompile>    
    <ClCompile Include="ParseOptions_Win32.cpp">
      <Filter>Source Files</Filter>
    </ClCompile>
    <ClCompile Include="..\..\nf-interpreter\targets\os\win32\nanoCLR\PAL\blockstorageList_stubs.cpp">
      <Filter>Source Files</Filter>
    </ClCompile>
    <ClCompile Include="..\..\nf-interpreter\targets\os\win32\nanoCLR\PAL\ConfigHelper_stubs.cpp">
      <Filter>Source Files</Filter>
    </ClCompile>
    <ClCompile Include="corlib_native.cpp">
      <Filter>Source Files</Filter>
    </ClCompile>
    <ClCompile Include="minheap.cpp">
      <Filter>Source Files</Filter>
    </ClCompile>
    <ClCompile Include="mintime.cpp">
      <Filter>Source Files</Filter>
    </ClCompile>
    <ClCompile Include="StubWinHal.cpp">
      <Filter>Source Files</Filter>
    </ClCompile>
    <ClCompile Include="..\..\nf-interpreter\targets\os\win32\nanoCLR\Events.cpp">
      <Filter>Source Files</Filter>
    </ClCompile>
    <ClCompile Include="..\..\nf-interpreter\targets\os\win32\nanoCLR\Target_BlockStorage.cpp">
      <Filter>Source Files</Filter>
    </ClCompile>
    <ClCompile Include="..\..\nf-interpreter\targets\os\win32\nanoCLR\platform_heap.cpp">
      <Filter>Source Files</Filter>
    </ClCompile>
    <ClCompile Include="..\..\nf-interpreter\targets\os\win32\nanoCLR\PAL\COMDirector_stubs.cpp">
      <Filter>Source Files</Filter>
    </ClCompile>
    <ClCompile Include="XmlUtil.cpp">
      <Filter>Source Files</Filter>
    </ClCompile>
    <ClCompile Include="Various.cpp">
      <Filter>Source Files</Filter>
    </ClCompile>
  </ItemGroup>
</Project>