
Microsoft Visual Studio Solution File, Format Version 12.00
# Visual Studio 15
VisualStudioVersion = 15.0.27130.2027
MinimumVisualStudioVersion = 10.0.40219.1
Project("{FAE04EC0-301F-11D3-BF4B-00C04F79EFBC}") = "CSharp.BlankApplication", "CSharp.BlankApplication\CSharp.BlankApplication.csproj", "{572121BD-E972-4BF7-ABF1-78251DDE1181}"
EndProject
Project("{FAE04EC0-301F-11D3-BF4B-00C04F79EFBC}") = "VisualStudio.Extension", "VisualStudio.Extension\VisualStudio.Extension.csproj", "{5403BD28-7431-41FB-BF52-956758E9F5C1}"
	ProjectSection(ProjectDependencies) = postProject
		{4AA9A693-FF7C-4F84-B0CE-28A7EE009471} = {4AA9A693-FF7C-4F84-B0CE-28A7EE009471}
		{572121BD-E972-4BF7-ABF1-78251DDE1181} = {572121BD-E972-4BF7-ABF1-78251DDE1181}
		{C2DDF1E4-53A3-4E74-99D4-8A68349B9AEF} = {C2DDF1E4-53A3-4E74-99D4-8A68349B9AEF}
	EndProjectSection
EndProject
Project("{FAE04EC0-301F-11D3-BF4B-00C04F79EFBC}") = "CSharp.ClassLibrary", "CSharp.ClassLibrary\CSharp.ClassLibrary.csproj", "{4AA9A693-FF7C-4F84-B0CE-28A7EE009471}"
EndProject
Project("{FAE04EC0-301F-11D3-BF4B-00C04F79EFBC}") = "CSharp.ClassTemplate", "CSharp.ClassTemplate\CSharp.ClassTemplate.csproj", "{C2DDF1E4-53A3-4E74-99D4-8A68349B9AEF}"
EndProject
Project("{FAE04EC0-301F-11D3-BF4B-00C04F79EFBC}") = "CSharp.AssemblyInfoTemplate", "CSharp.AssemblyInfoTemplate\CSharp.AssemblyInfoTemplate.csproj", "{EF2FEEDF-2D22-49F7-A51C-F6D4155A7932}"
EndProject
Project("{2150E333-8FDC-42A3-9474-1A3956D46DE8}") = ".nuget", ".nuget", "{49E1A9EE-8216-42A9-8ED6-FFCA2236B95B}"
	ProjectSection(SolutionItems) = preProject
		VisualStudio.Extension\packages.config = VisualStudio.Extension\packages.config
	EndProjectSection
EndProject
Project("{2150E333-8FDC-42A3-9474-1A3956D46DE8}") = "Templates", "Templates", "{C9ECFA69-6CFF-4CB6-9982-9423FA96DFC4}"
EndProject
Project("{2150E333-8FDC-42A3-9474-1A3956D46DE8}") = "MetaDataProcessor", "MetaDataProcessor", "{FCCC9596-0809-4BB4-ACC2-3615EEC264C7}"
EndProject
Project("{8BC9CEB8-8B4A-11D0-8D11-00A0C91BC942}") = "Core", "..\nf-interpreter\src\CLR\Core\Core.vcxproj", "{89CF8BDB-9C8A-4D18-BC3E-4312C5BD34B1}"
EndProject
Project("{8BC9CEB8-8B4A-11D0-8D11-00A0C91BC942}") = "CorLib", "..\nf-interpreter\src\CLR\CorLib\CorLib.vcxproj", "{58E950CC-2FF6-423C-B006-A70A19272F20}"
EndProject
Project("{8BC9CEB8-8B4A-11D0-8D11-00A0C91BC942}") = "Diagnostics", "..\nf-interpreter\src\CLR\Diagnostics\Diagnostics.vcxproj", "{A5E9AE41-F4FA-40CE-AD82-A7861EBA007B}"
EndProject
Project("{8BC9CEB8-8B4A-11D0-8D11-00A0C91BC942}") = "Tools.Lib.Parser", "Tools.Parser\Parser.vcxproj", "{AB1ED6AC-5C7F-49CD-A84B-4B7362D355BC}"
EndProject
Project("{8BC9CEB8-8B4A-11D0-8D11-00A0C91BC942}") = "Serialization", "..\nf-interpreter\src\CLR\Core\Serialization\Serialization.vcxproj", "{16BF6131-A3B8-4B97-B867-E45669FB48BD}"
EndProject
Project("{8BC9CEB8-8B4A-11D0-8D11-00A0C91BC942}") = "RPC", "..\nf-interpreter\src\CLR\Core\RPC\RPC.vcxproj", "{ED4C887A-EC09-465B-B5D9-075450ADC52D}"
EndProject
Project("{8BC9CEB8-8B4A-11D0-8D11-00A0C91BC942}") = "Messaging", "..\nf-interpreter\src\CLR\Messaging\Messaging.vcxproj", "{131001E3-0201-451F-A87B-951D1C5C3EEE}"
EndProject
Project("{8BC9CEB8-8B4A-11D0-8D11-00A0C91BC942}") = "WireProtocol", "..\nf-interpreter\src\CLR\WireProtocol\WireProtocol.vcxproj", "{2337C4A4-3AB4-4014-9C29-9EBE32F4510E}"
EndProject
Project("{8BC9CEB8-8B4A-11D0-8D11-00A0C91BC942}") = "Hardware", "..\nf-interpreter\src\CLR\Core\Hardware\Hardware.vcxproj", "{5D50772E-DAC8-407D-972F-37DEB4450B72}"
EndProject
Project("{8BC9CEB8-8B4A-11D0-8D11-00A0C91BC942}") = "Tools.Lib.CorHelper", "Tools.CorHelper\CorHelper.vcxproj", "{079E1BC1-3B21-46E8-B1BA-AEDB68CCDC11}"
EndProject
Project("{8BC9CEB8-8B4A-11D0-8D11-00A0C91BC942}") = "InterruptHandler", "..\nf-interpreter\src\CLR\Core\InterruptHandler\InterruptHandler.vcxproj", "{D32EE397-7E49-452D-AC95-AFCB3C962E3D}"
EndProject
Project("{8BC9CEB8-8B4A-11D0-8D11-00A0C91BC942}") = "Tools.MetaDataProcessor", "Tools.MetaDataProcessor\MetaDataProcessor.vcxproj", "{80209A7E-B9F0-4143-BCD1-B1891236A3CF}"
EndProject
Project("{FAE04EC0-301F-11D3-BF4B-00C04F79EFBC}") = "Tools.BuildTasks", "Tools.BuildTasks\Tools.BuildTasks.csproj", "{CE0631F2-731D-4A48-B927-F13F6B2FB055}"
EndProject
Project("{2150E333-8FDC-42A3-9474-1A3956D46DE8}") = "MSBuildSystem", "MSBuildSystem", "{1E0CD797-F69D-4BD3-B77E-496B51F95214}"
EndProject
Project("{2150E333-8FDC-42A3-9474-1A3956D46DE8}") = "debugger-library", "debugger-library", "{8C6A2ECA-8E1A-40C2-AEBF-C08B1CA67C67}"
EndProject
Project("{D954291E-2A0B-460D-934E-DC6B0785DB48}") = "nanoFramework.Tools.DebugLibrary.Shared", "..\nf-debugger\source\nanoFramework.Tools.DebugLibrary.Shared\nanoFramework.Tools.DebugLibrary.Shared.shproj", "{31472CAE-4B1A-4AB9-9B2A-8F28DBE01BCF}"
EndProject
Project("{FAE04EC0-301F-11D3-BF4B-00C04F79EFBC}") = "nanoFramework.Tools.DebugLibrary.Net", "..\nf-debugger\source\nanoFramework.Tools.DebugLibrary.Net\nanoFramework.Tools.DebugLibrary.Net.csproj", "{101D57AD-D22F-4905-A992-DE15E723F164}"
EndProject
Project("{FAE04EC0-301F-11D3-BF4B-00C04F79EFBC}") = "CSharp.ResourceTemplate", "CSharp.ResourceTemplate\CSharp.ResourceTemplate.csproj", "{8252022E-62FD-4A59-BE1E-90FD52DBA0FE}"
EndProject
Global
	GlobalSection(SharedMSBuildProjectFiles) = preSolution
		..\nf-debugger\source\nanoFramework.Tools.DebugLibrary.Shared\nanoFramework.Tools.DebugLibrary.Net.projitems*{101d57ad-d22f-4905-a992-de15e723f164}*SharedItemsImports = 4
		..\nf-debugger\source\nanoFramework.Tools.DebugLibrary.Shared\nanoFramework.Tools.DebugLibrary.Net.projitems*{31472cae-4b1a-4ab9-9b2a-8f28dbe01bcf}*SharedItemsImports = 13
	EndGlobalSection
	GlobalSection(SolutionConfigurationPlatforms) = preSolution
		Debug|Any CPU = Debug|Any CPU
		Debug|x64 = Debug|x64
		Debug|x86 = Debug|x86
		Release|Any CPU = Release|Any CPU
		Release|x64 = Release|x64
		Release|x86 = Release|x86
	EndGlobalSection
	GlobalSection(ProjectConfigurationPlatforms) = postSolution
		{572121BD-E972-4BF7-ABF1-78251DDE1181}.Debug|Any CPU.ActiveCfg = Debug|Any CPU
		{572121BD-E972-4BF7-ABF1-78251DDE1181}.Debug|Any CPU.Build.0 = Debug|Any CPU
		{572121BD-E972-4BF7-ABF1-78251DDE1181}.Debug|x64.ActiveCfg = Debug|Any CPU
		{572121BD-E972-4BF7-ABF1-78251DDE1181}.Debug|x64.Build.0 = Debug|Any CPU
		{572121BD-E972-4BF7-ABF1-78251DDE1181}.Debug|x86.ActiveCfg = Debug|Any CPU
		{572121BD-E972-4BF7-ABF1-78251DDE1181}.Debug|x86.Build.0 = Debug|Any CPU
		{572121BD-E972-4BF7-ABF1-78251DDE1181}.Release|Any CPU.ActiveCfg = Release|Any CPU
		{572121BD-E972-4BF7-ABF1-78251DDE1181}.Release|Any CPU.Build.0 = Release|Any CPU
		{572121BD-E972-4BF7-ABF1-78251DDE1181}.Release|x64.ActiveCfg = Release|Any CPU
		{572121BD-E972-4BF7-ABF1-78251DDE1181}.Release|x64.Build.0 = Release|Any CPU
		{572121BD-E972-4BF7-ABF1-78251DDE1181}.Release|x86.ActiveCfg = Release|Any CPU
		{572121BD-E972-4BF7-ABF1-78251DDE1181}.Release|x86.Build.0 = Release|Any CPU
		{5403BD28-7431-41FB-BF52-956758E9F5C1}.Debug|Any CPU.ActiveCfg = Debug|Any CPU
		{5403BD28-7431-41FB-BF52-956758E9F5C1}.Debug|Any CPU.Build.0 = Debug|Any CPU
		{5403BD28-7431-41FB-BF52-956758E9F5C1}.Debug|x64.ActiveCfg = Debug|Any CPU
		{5403BD28-7431-41FB-BF52-956758E9F5C1}.Debug|x64.Build.0 = Debug|Any CPU
		{5403BD28-7431-41FB-BF52-956758E9F5C1}.Debug|x86.ActiveCfg = Debug|Any CPU
		{5403BD28-7431-41FB-BF52-956758E9F5C1}.Debug|x86.Build.0 = Debug|Any CPU
		{5403BD28-7431-41FB-BF52-956758E9F5C1}.Release|Any CPU.ActiveCfg = Release|Any CPU
		{5403BD28-7431-41FB-BF52-956758E9F5C1}.Release|Any CPU.Build.0 = Release|Any CPU
		{5403BD28-7431-41FB-BF52-956758E9F5C1}.Release|x64.ActiveCfg = Release|Any CPU
		{5403BD28-7431-41FB-BF52-956758E9F5C1}.Release|x64.Build.0 = Release|Any CPU
		{5403BD28-7431-41FB-BF52-956758E9F5C1}.Release|x86.ActiveCfg = Release|Any CPU
		{5403BD28-7431-41FB-BF52-956758E9F5C1}.Release|x86.Build.0 = Release|Any CPU
		{4AA9A693-FF7C-4F84-B0CE-28A7EE009471}.Debug|Any CPU.ActiveCfg = Debug|Any CPU
		{4AA9A693-FF7C-4F84-B0CE-28A7EE009471}.Debug|Any CPU.Build.0 = Debug|Any CPU
		{4AA9A693-FF7C-4F84-B0CE-28A7EE009471}.Debug|x64.ActiveCfg = Debug|Any CPU
		{4AA9A693-FF7C-4F84-B0CE-28A7EE009471}.Debug|x64.Build.0 = Debug|Any CPU
		{4AA9A693-FF7C-4F84-B0CE-28A7EE009471}.Debug|x86.ActiveCfg = Debug|Any CPU
		{4AA9A693-FF7C-4F84-B0CE-28A7EE009471}.Debug|x86.Build.0 = Debug|Any CPU
		{4AA9A693-FF7C-4F84-B0CE-28A7EE009471}.Release|Any CPU.ActiveCfg = Release|Any CPU
		{4AA9A693-FF7C-4F84-B0CE-28A7EE009471}.Release|Any CPU.Build.0 = Release|Any CPU
		{4AA9A693-FF7C-4F84-B0CE-28A7EE009471}.Release|x64.ActiveCfg = Release|Any CPU
		{4AA9A693-FF7C-4F84-B0CE-28A7EE009471}.Release|x64.Build.0 = Release|Any CPU
		{4AA9A693-FF7C-4F84-B0CE-28A7EE009471}.Release|x86.ActiveCfg = Release|Any CPU
		{4AA9A693-FF7C-4F84-B0CE-28A7EE009471}.Release|x86.Build.0 = Release|Any CPU
		{C2DDF1E4-53A3-4E74-99D4-8A68349B9AEF}.Debug|Any CPU.ActiveCfg = Debug|Any CPU
		{C2DDF1E4-53A3-4E74-99D4-8A68349B9AEF}.Debug|Any CPU.Build.0 = Debug|Any CPU
		{C2DDF1E4-53A3-4E74-99D4-8A68349B9AEF}.Debug|x64.ActiveCfg = Debug|Any CPU
		{C2DDF1E4-53A3-4E74-99D4-8A68349B9AEF}.Debug|x64.Build.0 = Debug|Any CPU
		{C2DDF1E4-53A3-4E74-99D4-8A68349B9AEF}.Debug|x86.ActiveCfg = Debug|Any CPU
		{C2DDF1E4-53A3-4E74-99D4-8A68349B9AEF}.Debug|x86.Build.0 = Debug|Any CPU
		{C2DDF1E4-53A3-4E74-99D4-8A68349B9AEF}.Release|Any CPU.ActiveCfg = Release|Any CPU
		{C2DDF1E4-53A3-4E74-99D4-8A68349B9AEF}.Release|Any CPU.Build.0 = Release|Any CPU
		{C2DDF1E4-53A3-4E74-99D4-8A68349B9AEF}.Release|x64.ActiveCfg = Release|Any CPU
		{C2DDF1E4-53A3-4E74-99D4-8A68349B9AEF}.Release|x64.Build.0 = Release|Any CPU
		{C2DDF1E4-53A3-4E74-99D4-8A68349B9AEF}.Release|x86.ActiveCfg = Release|Any CPU
		{C2DDF1E4-53A3-4E74-99D4-8A68349B9AEF}.Release|x86.Build.0 = Release|Any CPU
		{EF2FEEDF-2D22-49F7-A51C-F6D4155A7932}.Debug|Any CPU.ActiveCfg = Debug|Any CPU
		{EF2FEEDF-2D22-49F7-A51C-F6D4155A7932}.Debug|Any CPU.Build.0 = Debug|Any CPU
		{EF2FEEDF-2D22-49F7-A51C-F6D4155A7932}.Debug|x64.ActiveCfg = Debug|Any CPU
		{EF2FEEDF-2D22-49F7-A51C-F6D4155A7932}.Debug|x64.Build.0 = Debug|Any CPU
		{EF2FEEDF-2D22-49F7-A51C-F6D4155A7932}.Debug|x86.ActiveCfg = Debug|Any CPU
		{EF2FEEDF-2D22-49F7-A51C-F6D4155A7932}.Debug|x86.Build.0 = Debug|Any CPU
		{EF2FEEDF-2D22-49F7-A51C-F6D4155A7932}.Release|Any CPU.ActiveCfg = Release|Any CPU
		{EF2FEEDF-2D22-49F7-A51C-F6D4155A7932}.Release|Any CPU.Build.0 = Release|Any CPU
		{EF2FEEDF-2D22-49F7-A51C-F6D4155A7932}.Release|x64.ActiveCfg = Release|Any CPU
		{EF2FEEDF-2D22-49F7-A51C-F6D4155A7932}.Release|x64.Build.0 = Release|Any CPU
		{EF2FEEDF-2D22-49F7-A51C-F6D4155A7932}.Release|x86.ActiveCfg = Release|Any CPU
		{EF2FEEDF-2D22-49F7-A51C-F6D4155A7932}.Release|x86.Build.0 = Release|Any CPU
		{89CF8BDB-9C8A-4D18-BC3E-4312C5BD34B1}.Debug|Any CPU.ActiveCfg = Debug|Win32
		{89CF8BDB-9C8A-4D18-BC3E-4312C5BD34B1}.Debug|Any CPU.Build.0 = Debug|Win32
		{89CF8BDB-9C8A-4D18-BC3E-4312C5BD34B1}.Debug|x64.ActiveCfg = Debug|x64
		{89CF8BDB-9C8A-4D18-BC3E-4312C5BD34B1}.Debug|x64.Build.0 = Debug|x64
		{89CF8BDB-9C8A-4D18-BC3E-4312C5BD34B1}.Debug|x86.ActiveCfg = Debug|Win32
		{89CF8BDB-9C8A-4D18-BC3E-4312C5BD34B1}.Debug|x86.Build.0 = Debug|Win32
		{89CF8BDB-9C8A-4D18-BC3E-4312C5BD34B1}.Release|Any CPU.ActiveCfg = Release|Win32
		{89CF8BDB-9C8A-4D18-BC3E-4312C5BD34B1}.Release|Any CPU.Build.0 = Release|Win32
		{89CF8BDB-9C8A-4D18-BC3E-4312C5BD34B1}.Release|x64.ActiveCfg = Release|x64
		{89CF8BDB-9C8A-4D18-BC3E-4312C5BD34B1}.Release|x64.Build.0 = Release|x64
		{89CF8BDB-9C8A-4D18-BC3E-4312C5BD34B1}.Release|x86.ActiveCfg = Release|Win32
		{89CF8BDB-9C8A-4D18-BC3E-4312C5BD34B1}.Release|x86.Build.0 = Release|Win32
		{58E950CC-2FF6-423C-B006-A70A19272F20}.Debug|Any CPU.ActiveCfg = Debug|Win32
		{58E950CC-2FF6-423C-B006-A70A19272F20}.Debug|Any CPU.Build.0 = Debug|Win32
		{58E950CC-2FF6-423C-B006-A70A19272F20}.Debug|x64.ActiveCfg = Debug|x64
		{58E950CC-2FF6-423C-B006-A70A19272F20}.Debug|x64.Build.0 = Debug|x64
		{58E950CC-2FF6-423C-B006-A70A19272F20}.Debug|x86.ActiveCfg = Debug|Win32
		{58E950CC-2FF6-423C-B006-A70A19272F20}.Debug|x86.Build.0 = Debug|Win32
		{58E950CC-2FF6-423C-B006-A70A19272F20}.Release|Any CPU.ActiveCfg = Release|Win32
		{58E950CC-2FF6-423C-B006-A70A19272F20}.Release|Any CPU.Build.0 = Release|Win32
		{58E950CC-2FF6-423C-B006-A70A19272F20}.Release|x64.ActiveCfg = Release|x64
		{58E950CC-2FF6-423C-B006-A70A19272F20}.Release|x64.Build.0 = Release|x64
		{58E950CC-2FF6-423C-B006-A70A19272F20}.Release|x86.ActiveCfg = Release|Win32
		{58E950CC-2FF6-423C-B006-A70A19272F20}.Release|x86.Build.0 = Release|Win32
		{A5E9AE41-F4FA-40CE-AD82-A7861EBA007B}.Debug|Any CPU.ActiveCfg = Debug|Win32
		{A5E9AE41-F4FA-40CE-AD82-A7861EBA007B}.Debug|Any CPU.Build.0 = Debug|Win32
		{A5E9AE41-F4FA-40CE-AD82-A7861EBA007B}.Debug|x64.ActiveCfg = Debug|x64
		{A5E9AE41-F4FA-40CE-AD82-A7861EBA007B}.Debug|x64.Build.0 = Debug|x64
		{A5E9AE41-F4FA-40CE-AD82-A7861EBA007B}.Debug|x86.ActiveCfg = Debug|Win32
		{A5E9AE41-F4FA-40CE-AD82-A7861EBA007B}.Debug|x86.Build.0 = Debug|Win32
		{A5E9AE41-F4FA-40CE-AD82-A7861EBA007B}.Release|Any CPU.ActiveCfg = Release|Win32
		{A5E9AE41-F4FA-40CE-AD82-A7861EBA007B}.Release|Any CPU.Build.0 = Release|Win32
		{A5E9AE41-F4FA-40CE-AD82-A7861EBA007B}.Release|x64.ActiveCfg = Release|x64
		{A5E9AE41-F4FA-40CE-AD82-A7861EBA007B}.Release|x64.Build.0 = Release|x64
		{A5E9AE41-F4FA-40CE-AD82-A7861EBA007B}.Release|x86.ActiveCfg = Release|Win32
		{A5E9AE41-F4FA-40CE-AD82-A7861EBA007B}.Release|x86.Build.0 = Release|Win32
		{AB1ED6AC-5C7F-49CD-A84B-4B7362D355BC}.Debug|Any CPU.ActiveCfg = Debug|Win32
		{AB1ED6AC-5C7F-49CD-A84B-4B7362D355BC}.Debug|Any CPU.Build.0 = Debug|Win32
		{AB1ED6AC-5C7F-49CD-A84B-4B7362D355BC}.Debug|x64.ActiveCfg = Debug|Win32
		{AB1ED6AC-5C7F-49CD-A84B-4B7362D355BC}.Debug|x64.Build.0 = Debug|Win32
		{AB1ED6AC-5C7F-49CD-A84B-4B7362D355BC}.Debug|x86.ActiveCfg = Debug|Win32
		{AB1ED6AC-5C7F-49CD-A84B-4B7362D355BC}.Debug|x86.Build.0 = Debug|Win32
		{AB1ED6AC-5C7F-49CD-A84B-4B7362D355BC}.Release|Any CPU.ActiveCfg = Release|Win32
		{AB1ED6AC-5C7F-49CD-A84B-4B7362D355BC}.Release|Any CPU.Build.0 = Release|Win32
		{AB1ED6AC-5C7F-49CD-A84B-4B7362D355BC}.Release|x64.ActiveCfg = Release|Win32
		{AB1ED6AC-5C7F-49CD-A84B-4B7362D355BC}.Release|x64.Build.0 = Release|Win32
		{AB1ED6AC-5C7F-49CD-A84B-4B7362D355BC}.Release|x86.ActiveCfg = Release|Win32
		{AB1ED6AC-5C7F-49CD-A84B-4B7362D355BC}.Release|x86.Build.0 = Release|Win32
		{16BF6131-A3B8-4B97-B867-E45669FB48BD}.Debug|Any CPU.ActiveCfg = Debug|Win32
		{16BF6131-A3B8-4B97-B867-E45669FB48BD}.Debug|Any CPU.Build.0 = Debug|Win32
		{16BF6131-A3B8-4B97-B867-E45669FB48BD}.Debug|x64.ActiveCfg = Debug|x64
		{16BF6131-A3B8-4B97-B867-E45669FB48BD}.Debug|x64.Build.0 = Debug|x64
		{16BF6131-A3B8-4B97-B867-E45669FB48BD}.Debug|x86.ActiveCfg = Debug|Win32
		{16BF6131-A3B8-4B97-B867-E45669FB48BD}.Debug|x86.Build.0 = Debug|Win32
		{16BF6131-A3B8-4B97-B867-E45669FB48BD}.Release|Any CPU.ActiveCfg = Release|Win32
		{16BF6131-A3B8-4B97-B867-E45669FB48BD}.Release|Any CPU.Build.0 = Release|Win32
		{16BF6131-A3B8-4B97-B867-E45669FB48BD}.Release|x64.ActiveCfg = Release|x64
		{16BF6131-A3B8-4B97-B867-E45669FB48BD}.Release|x64.Build.0 = Release|x64
		{16BF6131-A3B8-4B97-B867-E45669FB48BD}.Release|x86.ActiveCfg = Release|Win32
		{16BF6131-A3B8-4B97-B867-E45669FB48BD}.Release|x86.Build.0 = Release|Win32
		{ED4C887A-EC09-465B-B5D9-075450ADC52D}.Debug|Any CPU.ActiveCfg = Debug|Win32
		{ED4C887A-EC09-465B-B5D9-075450ADC52D}.Debug|Any CPU.Build.0 = Debug|Win32
		{ED4C887A-EC09-465B-B5D9-075450ADC52D}.Debug|x64.ActiveCfg = Debug|x64
		{ED4C887A-EC09-465B-B5D9-075450ADC52D}.Debug|x64.Build.0 = Debug|x64
		{ED4C887A-EC09-465B-B5D9-075450ADC52D}.Debug|x86.ActiveCfg = Debug|Win32
		{ED4C887A-EC09-465B-B5D9-075450ADC52D}.Debug|x86.Build.0 = Debug|Win32
		{ED4C887A-EC09-465B-B5D9-075450ADC52D}.Release|Any CPU.ActiveCfg = Release|Win32
		{ED4C887A-EC09-465B-B5D9-075450ADC52D}.Release|Any CPU.Build.0 = Release|Win32
		{ED4C887A-EC09-465B-B5D9-075450ADC52D}.Release|x64.ActiveCfg = Release|x64
		{ED4C887A-EC09-465B-B5D9-075450ADC52D}.Release|x64.Build.0 = Release|x64
		{ED4C887A-EC09-465B-B5D9-075450ADC52D}.Release|x86.ActiveCfg = Release|Win32
		{ED4C887A-EC09-465B-B5D9-075450ADC52D}.Release|x86.Build.0 = Release|Win32
		{131001E3-0201-451F-A87B-951D1C5C3EEE}.Debug|Any CPU.ActiveCfg = Debug|Win32
		{131001E3-0201-451F-A87B-951D1C5C3EEE}.Debug|Any CPU.Build.0 = Debug|Win32
		{131001E3-0201-451F-A87B-951D1C5C3EEE}.Debug|x64.ActiveCfg = Debug|x64
		{131001E3-0201-451F-A87B-951D1C5C3EEE}.Debug|x64.Build.0 = Debug|x64
		{131001E3-0201-451F-A87B-951D1C5C3EEE}.Debug|x86.ActiveCfg = Debug|Win32
		{131001E3-0201-451F-A87B-951D1C5C3EEE}.Debug|x86.Build.0 = Debug|Win32
		{131001E3-0201-451F-A87B-951D1C5C3EEE}.Release|Any CPU.ActiveCfg = Release|Win32
		{131001E3-0201-451F-A87B-951D1C5C3EEE}.Release|Any CPU.Build.0 = Release|Win32
		{131001E3-0201-451F-A87B-951D1C5C3EEE}.Release|x64.ActiveCfg = Release|x64
		{131001E3-0201-451F-A87B-951D1C5C3EEE}.Release|x64.Build.0 = Release|x64
		{131001E3-0201-451F-A87B-951D1C5C3EEE}.Release|x86.ActiveCfg = Release|Win32
		{131001E3-0201-451F-A87B-951D1C5C3EEE}.Release|x86.Build.0 = Release|Win32
		{2337C4A4-3AB4-4014-9C29-9EBE32F4510E}.Debug|Any CPU.ActiveCfg = Debug|Win32
		{2337C4A4-3AB4-4014-9C29-9EBE32F4510E}.Debug|Any CPU.Build.0 = Debug|Win32
		{2337C4A4-3AB4-4014-9C29-9EBE32F4510E}.Debug|x64.ActiveCfg = Debug|x64
		{2337C4A4-3AB4-4014-9C29-9EBE32F4510E}.Debug|x64.Build.0 = Debug|x64
		{2337C4A4-3AB4-4014-9C29-9EBE32F4510E}.Debug|x86.ActiveCfg = Debug|Win32
		{2337C4A4-3AB4-4014-9C29-9EBE32F4510E}.Debug|x86.Build.0 = Debug|Win32
		{2337C4A4-3AB4-4014-9C29-9EBE32F4510E}.Release|Any CPU.ActiveCfg = Release|Win32
		{2337C4A4-3AB4-4014-9C29-9EBE32F4510E}.Release|Any CPU.Build.0 = Release|Win32
		{2337C4A4-3AB4-4014-9C29-9EBE32F4510E}.Release|x64.ActiveCfg = Release|x64
		{2337C4A4-3AB4-4014-9C29-9EBE32F4510E}.Release|x64.Build.0 = Release|x64
		{2337C4A4-3AB4-4014-9C29-9EBE32F4510E}.Release|x86.ActiveCfg = Release|Win32
		{2337C4A4-3AB4-4014-9C29-9EBE32F4510E}.Release|x86.Build.0 = Release|Win32
		{5D50772E-DAC8-407D-972F-37DEB4450B72}.Debug|Any CPU.ActiveCfg = Debug|Win32
		{5D50772E-DAC8-407D-972F-37DEB4450B72}.Debug|Any CPU.Build.0 = Debug|Win32
		{5D50772E-DAC8-407D-972F-37DEB4450B72}.Debug|x64.ActiveCfg = Debug|x64
		{5D50772E-DAC8-407D-972F-37DEB4450B72}.Debug|x64.Build.0 = Debug|x64
		{5D50772E-DAC8-407D-972F-37DEB4450B72}.Debug|x86.ActiveCfg = Debug|Win32
		{5D50772E-DAC8-407D-972F-37DEB4450B72}.Debug|x86.Build.0 = Debug|Win32
		{5D50772E-DAC8-407D-972F-37DEB4450B72}.Release|Any CPU.ActiveCfg = Release|Win32
		{5D50772E-DAC8-407D-972F-37DEB4450B72}.Release|Any CPU.Build.0 = Release|Win32
		{5D50772E-DAC8-407D-972F-37DEB4450B72}.Release|x64.ActiveCfg = Release|x64
		{5D50772E-DAC8-407D-972F-37DEB4450B72}.Release|x64.Build.0 = Release|x64
		{5D50772E-DAC8-407D-972F-37DEB4450B72}.Release|x86.ActiveCfg = Release|Win32
		{5D50772E-DAC8-407D-972F-37DEB4450B72}.Release|x86.Build.0 = Release|Win32
		{079E1BC1-3B21-46E8-B1BA-AEDB68CCDC11}.Debug|Any CPU.ActiveCfg = Debug|Win32
		{079E1BC1-3B21-46E8-B1BA-AEDB68CCDC11}.Debug|Any CPU.Build.0 = Debug|Win32
		{079E1BC1-3B21-46E8-B1BA-AEDB68CCDC11}.Debug|x64.ActiveCfg = Debug|Win32
		{079E1BC1-3B21-46E8-B1BA-AEDB68CCDC11}.Debug|x64.Build.0 = Debug|Win32
		{079E1BC1-3B21-46E8-B1BA-AEDB68CCDC11}.Debug|x86.ActiveCfg = Debug|Win32
		{079E1BC1-3B21-46E8-B1BA-AEDB68CCDC11}.Debug|x86.Build.0 = Debug|Win32
		{079E1BC1-3B21-46E8-B1BA-AEDB68CCDC11}.Release|Any CPU.ActiveCfg = Release|Win32
		{079E1BC1-3B21-46E8-B1BA-AEDB68CCDC11}.Release|Any CPU.Build.0 = Release|Win32
		{079E1BC1-3B21-46E8-B1BA-AEDB68CCDC11}.Release|x64.ActiveCfg = Release|Win32
		{079E1BC1-3B21-46E8-B1BA-AEDB68CCDC11}.Release|x64.Build.0 = Release|Win32
		{079E1BC1-3B21-46E8-B1BA-AEDB68CCDC11}.Release|x86.ActiveCfg = Release|Win32
		{079E1BC1-3B21-46E8-B1BA-AEDB68CCDC11}.Release|x86.Build.0 = Release|Win32
		{D32EE397-7E49-452D-AC95-AFCB3C962E3D}.Debug|Any CPU.ActiveCfg = Debug|Win32
		{D32EE397-7E49-452D-AC95-AFCB3C962E3D}.Debug|Any CPU.Build.0 = Debug|Win32
		{D32EE397-7E49-452D-AC95-AFCB3C962E3D}.Debug|x64.ActiveCfg = Debug|x64
		{D32EE397-7E49-452D-AC95-AFCB3C962E3D}.Debug|x64.Build.0 = Debug|x64
		{D32EE397-7E49-452D-AC95-AFCB3C962E3D}.Debug|x86.ActiveCfg = Debug|Win32
		{D32EE397-7E49-452D-AC95-AFCB3C962E3D}.Debug|x86.Build.0 = Debug|Win32
		{D32EE397-7E49-452D-AC95-AFCB3C962E3D}.Release|Any CPU.ActiveCfg = Release|Win32
		{D32EE397-7E49-452D-AC95-AFCB3C962E3D}.Release|Any CPU.Build.0 = Release|Win32
		{D32EE397-7E49-452D-AC95-AFCB3C962E3D}.Release|x64.ActiveCfg = Release|x64
		{D32EE397-7E49-452D-AC95-AFCB3C962E3D}.Release|x64.Build.0 = Release|x64
		{D32EE397-7E49-452D-AC95-AFCB3C962E3D}.Release|x86.ActiveCfg = Release|Win32
		{D32EE397-7E49-452D-AC95-AFCB3C962E3D}.Release|x86.Build.0 = Release|Win32
		{80209A7E-B9F0-4143-BCD1-B1891236A3CF}.Debug|Any CPU.ActiveCfg = Debug|Win32
		{80209A7E-B9F0-4143-BCD1-B1891236A3CF}.Debug|Any CPU.Build.0 = Debug|Win32
		{80209A7E-B9F0-4143-BCD1-B1891236A3CF}.Debug|x64.ActiveCfg = Debug|x64
		{80209A7E-B9F0-4143-BCD1-B1891236A3CF}.Debug|x64.Build.0 = Debug|x64
		{80209A7E-B9F0-4143-BCD1-B1891236A3CF}.Debug|x86.ActiveCfg = Debug|Win32
		{80209A7E-B9F0-4143-BCD1-B1891236A3CF}.Debug|x86.Build.0 = Debug|Win32
		{80209A7E-B9F0-4143-BCD1-B1891236A3CF}.Release|Any CPU.ActiveCfg = Release|Win32
		{80209A7E-B9F0-4143-BCD1-B1891236A3CF}.Release|Any CPU.Build.0 = Release|Win32
		{80209A7E-B9F0-4143-BCD1-B1891236A3CF}.Release|x64.ActiveCfg = Release|x64
		{80209A7E-B9F0-4143-BCD1-B1891236A3CF}.Release|x64.Build.0 = Release|x64
		{80209A7E-B9F0-4143-BCD1-B1891236A3CF}.Release|x86.ActiveCfg = Release|Win32
		{80209A7E-B9F0-4143-BCD1-B1891236A3CF}.Release|x86.Build.0 = Release|Win32
		{CE0631F2-731D-4A48-B927-F13F6B2FB055}.Debug|Any CPU.ActiveCfg = Debug|Any CPU
		{CE0631F2-731D-4A48-B927-F13F6B2FB055}.Debug|Any CPU.Build.0 = Debug|Any CPU
		{CE0631F2-731D-4A48-B927-F13F6B2FB055}.Debug|x64.ActiveCfg = Debug|Any CPU
		{CE0631F2-731D-4A48-B927-F13F6B2FB055}.Debug|x64.Build.0 = Debug|Any CPU
		{CE0631F2-731D-4A48-B927-F13F6B2FB055}.Debug|x86.ActiveCfg = Debug|Any CPU
		{CE0631F2-731D-4A48-B927-F13F6B2FB055}.Debug|x86.Build.0 = Debug|Any CPU
		{CE0631F2-731D-4A48-B927-F13F6B2FB055}.Release|Any CPU.ActiveCfg = Release|Any CPU
		{CE0631F2-731D-4A48-B927-F13F6B2FB055}.Release|Any CPU.Build.0 = Release|Any CPU
		{CE0631F2-731D-4A48-B927-F13F6B2FB055}.Release|x64.ActiveCfg = Release|Any CPU
		{CE0631F2-731D-4A48-B927-F13F6B2FB055}.Release|x64.Build.0 = Release|Any CPU
		{CE0631F2-731D-4A48-B927-F13F6B2FB055}.Release|x86.ActiveCfg = Release|Any CPU
		{CE0631F2-731D-4A48-B927-F13F6B2FB055}.Release|x86.Build.0 = Release|Any CPU
		{101D57AD-D22F-4905-A992-DE15E723F164}.Debug|Any CPU.ActiveCfg = Debug|Any CPU
		{101D57AD-D22F-4905-A992-DE15E723F164}.Debug|Any CPU.Build.0 = Debug|Any CPU
		{101D57AD-D22F-4905-A992-DE15E723F164}.Debug|x64.ActiveCfg = Debug|Any CPU
		{101D57AD-D22F-4905-A992-DE15E723F164}.Debug|x86.ActiveCfg = Debug|Any CPU
		{101D57AD-D22F-4905-A992-DE15E723F164}.Release|Any CPU.ActiveCfg = Release|Any CPU
		{101D57AD-D22F-4905-A992-DE15E723F164}.Release|x64.ActiveCfg = Release|Any CPU
		{101D57AD-D22F-4905-A992-DE15E723F164}.Release|x86.ActiveCfg = Release|Any CPU
		{8252022E-62FD-4A59-BE1E-90FD52DBA0FE}.Debug|Any CPU.ActiveCfg = Debug|Any CPU
		{8252022E-62FD-4A59-BE1E-90FD52DBA0FE}.Debug|Any CPU.Build.0 = Debug|Any CPU
		{8252022E-62FD-4A59-BE1E-90FD52DBA0FE}.Debug|x64.ActiveCfg = Debug|Any CPU
		{8252022E-62FD-4A59-BE1E-90FD52DBA0FE}.Debug|x64.Build.0 = Debug|Any CPU
		{8252022E-62FD-4A59-BE1E-90FD52DBA0FE}.Debug|x86.ActiveCfg = Debug|Any CPU
		{8252022E-62FD-4A59-BE1E-90FD52DBA0FE}.Debug|x86.Build.0 = Debug|Any CPU
		{8252022E-62FD-4A59-BE1E-90FD52DBA0FE}.Release|Any CPU.ActiveCfg = Release|Any CPU
		{8252022E-62FD-4A59-BE1E-90FD52DBA0FE}.Release|Any CPU.Build.0 = Release|Any CPU
		{8252022E-62FD-4A59-BE1E-90FD52DBA0FE}.Release|x64.ActiveCfg = Release|Any CPU
		{8252022E-62FD-4A59-BE1E-90FD52DBA0FE}.Release|x64.Build.0 = Release|Any CPU
		{8252022E-62FD-4A59-BE1E-90FD52DBA0FE}.Release|x86.ActiveCfg = Release|Any CPU
		{8252022E-62FD-4A59-BE1E-90FD52DBA0FE}.Release|x86.Build.0 = Release|Any CPU
	EndGlobalSection
	GlobalSection(SolutionProperties) = preSolution
		HideSolutionNode = FALSE
	EndGlobalSection
	GlobalSection(NestedProjects) = preSolution
		{572121BD-E972-4BF7-ABF1-78251DDE1181} = {C9ECFA69-6CFF-4CB6-9982-9423FA96DFC4}
		{4AA9A693-FF7C-4F84-B0CE-28A7EE009471} = {C9ECFA69-6CFF-4CB6-9982-9423FA96DFC4}
		{C2DDF1E4-53A3-4E74-99D4-8A68349B9AEF} = {C9ECFA69-6CFF-4CB6-9982-9423FA96DFC4}
		{EF2FEEDF-2D22-49F7-A51C-F6D4155A7932} = {C9ECFA69-6CFF-4CB6-9982-9423FA96DFC4}
		{89CF8BDB-9C8A-4D18-BC3E-4312C5BD34B1} = {FCCC9596-0809-4BB4-ACC2-3615EEC264C7}
		{58E950CC-2FF6-423C-B006-A70A19272F20} = {FCCC9596-0809-4BB4-ACC2-3615EEC264C7}
		{A5E9AE41-F4FA-40CE-AD82-A7861EBA007B} = {FCCC9596-0809-4BB4-ACC2-3615EEC264C7}
		{AB1ED6AC-5C7F-49CD-A84B-4B7362D355BC} = {FCCC9596-0809-4BB4-ACC2-3615EEC264C7}
		{16BF6131-A3B8-4B97-B867-E45669FB48BD} = {FCCC9596-0809-4BB4-ACC2-3615EEC264C7}
		{ED4C887A-EC09-465B-B5D9-075450ADC52D} = {FCCC9596-0809-4BB4-ACC2-3615EEC264C7}
		{131001E3-0201-451F-A87B-951D1C5C3EEE} = {FCCC9596-0809-4BB4-ACC2-3615EEC264C7}
		{2337C4A4-3AB4-4014-9C29-9EBE32F4510E} = {FCCC9596-0809-4BB4-ACC2-3615EEC264C7}
		{5D50772E-DAC8-407D-972F-37DEB4450B72} = {FCCC9596-0809-4BB4-ACC2-3615EEC264C7}
		{079E1BC1-3B21-46E8-B1BA-AEDB68CCDC11} = {FCCC9596-0809-4BB4-ACC2-3615EEC264C7}
		{D32EE397-7E49-452D-AC95-AFCB3C962E3D} = {FCCC9596-0809-4BB4-ACC2-3615EEC264C7}
		{80209A7E-B9F0-4143-BCD1-B1891236A3CF} = {FCCC9596-0809-4BB4-ACC2-3615EEC264C7}
		{CE0631F2-731D-4A48-B927-F13F6B2FB055} = {1E0CD797-F69D-4BD3-B77E-496B51F95214}
		{31472CAE-4B1A-4AB9-9B2A-8F28DBE01BCF} = {8C6A2ECA-8E1A-40C2-AEBF-C08B1CA67C67}
		{101D57AD-D22F-4905-A992-DE15E723F164} = {8C6A2ECA-8E1A-40C2-AEBF-C08B1CA67C67}
		{8252022E-62FD-4A59-BE1E-90FD52DBA0FE} = {C9ECFA69-6CFF-4CB6-9982-9423FA96DFC4}
	EndGlobalSection
	GlobalSection(ExtensibilityGlobals) = postSolution
		SolutionGuid = {5DF99A8C-CA3C-451A-ABC1-4D862154708B}
	EndGlobalSection
EndGlobal
